# THIS IS AN AUTOGENERATED FILE. DO NOT EDIT THIS FILE DIRECTLY.
# yarn lockfile v1


cra-template-swazerlab@^0.0.0:
  version "0.0.0"
  resolved "https://registry.yarnpkg.com/cra-template-swazerlab/-/cra-template-swazerlab-0.0.0.tgz#35e819288e8af5c6a32d5ae41eb168577b50876c"
  integrity sha512-1h1TVOdtgxa/76YYxNNqTiyy/cf+CC9cWxVvo/P3WNe6fandV8ASkQ4IYswfssXkX6Ljc6120f/OiOPNcabYgA==
